Microsoft Visual Studio Solution File, Format Version 8.00
Project("{8BC9CEB8-8B4A-11D0-8D11-00A0C91BC942}") = "freeWRLAx", "freeWRLAx.vcproj", "{342993E5-5A18-4CFD-939B-27A05517E371}"
	ProjectSection(ProjectDependencies) = postProject
	EndProjectSection
EndProject
Global
	GlobalSection(SolutionConfiguration) = preSolution
		Debug = Debug
		Release = Release
	EndGlobalSection
	GlobalSection(ProjectConfiguration) = postSolution
		{342993E5-5A18-4CFD-939B-27A05517E371}.Debug.ActiveCfg = Debug|Win32
		{342993E5-5A18-4CFD-939B-27A05517E371}.Debug.Build.0 = Debug|Win32
		{342993E5-5A18-4CFD-939B-27A05517E371}.Release.ActiveCfg = Release|Win32
		{342993E5-5A18-4CFD-939B-27A05517E371}.Release.Build.0 = Release|Win32
	EndGlobalSection
	GlobalSection(ExtensibilityGlobals) = postSolution
	EndGlobalSection
	GlobalSection(ExtensibilityAddIns) = postSolution
	EndGlobalSection
EndGlobal
