Microsoft Visual Studio Solution File, Format Version 10.00
# Visual C++ Express 2008
Project("{8BC9CEB8-8B4A-11D0-8D11-00A0C91BC942}") = "freeWRL", "bin\bin.vcproj", "{1A94CE13-4B7F-4565-A463-D0C6C873B9F0}"
	ProjectSection(ProjectDependencies) = postProject
		{D35384EF-4B8A-4256-9729-D6A94CCB88B8} = {D35384EF-4B8A-4256-9729-D6A94CCB88B8}
	EndProjectSection
EndProject
Project("{8BC9CEB8-8B4A-11D0-8D11-00A0C91BC942}") = "libFreeWRL", "lib\libFreeWRL.vcproj", "{D35384EF-4B8A-4256-9729-D6A94CCB88B8}"
EndProject
Project("{8BC9CEB8-8B4A-11D0-8D11-00A0C91BC942}") = "libFreeWRL_dotNetwrapper", "libFreeWRL_dotNetwrapper\libFreeWRL_dotNetwrapper.vcproj", "{7A967509-DAAC-432E-8D42-EB9FD4A7C2E5}"
EndProject
Project("{8BC9CEB8-8B4A-11D0-8D11-00A0C91BC942}") = "Test_dotNetWrapper", "Test_dotNetWrapper\Test_dotNetWrapper.vcproj", "{19F0FAD6-44F5-4270-BC87-F886DBE17176}"
EndProject
Project("{8BC9CEB8-8B4A-11D0-8D11-00A0C91BC942}") = "dllFreeWRL", "dllFreeWRL\dllFreeWRL.vcproj", "{8B124FE7-4284-46D4-B962-F1EE06911C95}"
EndProject
Global
	GlobalSection(SolutionConfigurationPlatforms) = preSolution
		Debug|Win32 = Debug|Win32
		Release|Win32 = Release|Win32
	EndGlobalSection
	GlobalSection(ProjectConfigurationPlatforms) = postSolution
		{1A94CE13-4B7F-4565-A463-D0C6C873B9F0}.Debug|Win32.ActiveCfg = Debug|Win32
		{1A94CE13-4B7F-4565-A463-D0C6C873B9F0}.Debug|Win32.Build.0 = Debug|Win32
		{1A94CE13-4B7F-4565-A463-D0C6C873B9F0}.Release|Win32.ActiveCfg = Release|Win32
		{1A94CE13-4B7F-4565-A463-D0C6C873B9F0}.Release|Win32.Build.0 = Release|Win32
		{D35384EF-4B8A-4256-9729-D6A94CCB88B8}.Debug|Win32.ActiveCfg = Debug|Win32
		{D35384EF-4B8A-4256-9729-D6A94CCB88B8}.Debug|Win32.Build.0 = Debug|Win32
		{D35384EF-4B8A-4256-9729-D6A94CCB88B8}.Release|Win32.ActiveCfg = Release|Win32
		{D35384EF-4B8A-4256-9729-D6A94CCB88B8}.Release|Win32.Build.0 = Release|Win32
		{7A967509-DAAC-432E-8D42-EB9FD4A7C2E5}.Debug|Win32.ActiveCfg = Debug|Win32
		{7A967509-DAAC-432E-8D42-EB9FD4A7C2E5}.Debug|Win32.Build.0 = Debug|Win32
		{7A967509-DAAC-432E-8D42-EB9FD4A7C2E5}.Release|Win32.ActiveCfg = Release|Win32
		{7A967509-DAAC-432E-8D42-EB9FD4A7C2E5}.Release|Win32.Build.0 = Release|Win32
		{19F0FAD6-44F5-4270-BC87-F886DBE17176}.Debug|Win32.ActiveCfg = Debug|Win32
		{19F0FAD6-44F5-4270-BC87-F886DBE17176}.Debug|Win32.Build.0 = Debug|Win32
		{19F0FAD6-44F5-4270-BC87-F886DBE17176}.Release|Win32.ActiveCfg = Release|Win32
		{19F0FAD6-44F5-4270-BC87-F886DBE17176}.Release|Win32.Build.0 = Release|Win32
		{8B124FE7-4284-46D4-B962-F1EE06911C95}.Debug|Win32.ActiveCfg = Debug|Win32
		{8B124FE7-4284-46D4-B962-F1EE06911C95}.Debug|Win32.Build.0 = Debug|Win32
		{8B124FE7-4284-46D4-B962-F1EE06911C95}.Release|Win32.ActiveCfg = Release|Win32
		{8B124FE7-4284-46D4-B962-F1EE06911C95}.Release|Win32.Build.0 = Release|Win32
	EndGlobalSection
	GlobalSection(SolutionProperties) = preSolution
		HideSolutionNode = FALSE
	EndGlobalSection
EndGlobal
